Microsoft Visual Studio Solution File, Format Version 12.00
# Visual Studio Version 17
VisualStudioVersion = 17.5.2.0
MinimumVisualStudioVersion = 10.0.40219.1
Project("{FAE04EC0-301F-11D3-BF4B-00C04F79EFBC}") = "Bin_Tree_Visualizer", "Bin_Tree_Visualizer.csproj", "{A50B5454-904A-E399-F66B-2E967AC71BEF}"
EndProject
Global
	GlobalSection(SolutionConfigurationPlatforms) = preSolution
		Debug|Any CPU = Debug|Any CPU
		Release|Any CPU = Release|Any CPU
	EndGlobalSection
	GlobalSection(ProjectConfigurationPlatforms) = postSolution
		{A50B5454-904A-E399-F66B-2E967AC71BEF}.Debug|Any CPU.ActiveCfg = Debug|Any CPU
		{A50B5454-904A-E399-F66B-2E967AC71BEF}.Debug|Any CPU.Build.0 = Debug|Any CPU
		{A50B5454-904A-E399-F66B-2E967AC71BEF}.Release|Any CPU.ActiveCfg = Release|Any CPU
		{A50B5454-904A-E399-F66B-2E967AC71BEF}.Release|Any CPU.Build.0 = Release|Any CPU
	EndGlobalSection
	GlobalSection(SolutionProperties) = preSolution
		HideSolutionNode = FALSE
	EndGlobalSection
	GlobalSection(ExtensibilityGlobals) = postSolution
		SolutionGuid = {F1D2CBE3-3B7C-4A5E-A02D-65FD42BF156D}
	EndGlobalSection
EndGlobal
